// !$*UTF8*$!
{
	archiveVersion = 1;
	classes = {
	};
	objectVersion = 50;
	objects = {

/* Begin PBXBuildFile section */
		D62649FD247E2DAC009BE1BB /* AppDelegate.swift in Sources */ = {isa = PBXBuildFile; fileRef = D62649FC247E2DAC009BE1BB /* AppDelegate.swift */; };
		D62649FF247E2DAC009BE1BB /* SceneDelegate.swift in Sources */ = {isa = PBXBuildFile; fileRef = D62649FE247E2DAC009BE1BB /* SceneDelegate.swift */; };
		D6264A01247E2DAC009BE1BB /* ViewController.swift in Sources */ = {isa = PBXBuildFile; fileRef = D6264A00247E2DAC009BE1BB /* ViewController.swift */; };
		D6264A04247E2DAC009BE1BB /* Main.storyboard in Resources */ = {isa = PBXBuildFile; fileRef = D6264A02247E2DAC009BE1BB /* Main.storyboard */; };
		D6264A06247E2DAD009BE1BB /* Assets.xcassets in Resources */ = {isa = PBXBuildFile; fileRef = D6264A05247E2DAD009BE1BB /* Assets.xcassets */; };
		D6264A09247E2DAD009BE1BB /* LaunchScreen.storyboard in Resources */ = {isa = PBXBuildFile; fileRef = D6264A07247E2DAD009BE1BB /* LaunchScreen.storyboard */; };
/* End PBXBuildFile section */

/* Begin PBXFileReference section */
		D62649F9247E2DAC009BE1BB /* Swift5WKWebView.app */ = {isa = PBXFileReference; explicitFileType = wrapper.application; includeInIndex = 0; path = Swift5WKWebView.app; sourceTree = BUILT_PRODUCTS_DIR; };
		D62649FC247E2DAC009BE1BB /* AppDelegate.swift */ = {isa = PBXFileReference; lastKnownFileType = sourcecode.swift; path = AppDelegate.swift; sourceTree = "<group>"; };
		D62649FE247E2DAC009BE1BB /* SceneDelegate.swift */ = {isa = PBXFileReference; lastKnownFileType = sourcecode.swift; path = SceneDelegate.swift; sourceTree = "<group>"; };
		D6264A00247E2DAC009BE1BB /* ViewController.swift */ = {isa = PBXFileReference; lastKnownFileType = sourcecode.swift; path = ViewController.swift; sourceTree = "<group>"; };
		D6264A03247E2DAC009BE1BB /* Base */ = {isa = PBXFileReference; lastKnownFileType = file.storyboard; name = Base; path = Base.lproj/Main.storyboard; sourceTree = "<group>"; };
		D6264A05247E2DAD009BE1BB /* Assets.xcassets */ = {isa = PBXFileReference; lastKnownFileType = folder.assetcatalog; path = Assets.xcassets; sourceTree = "<group>"; };
		D6264A08247E2DAD009BE1BB /* Base */ = {isa = PBXFileReference; lastKnownFileType = file.storyboard; name = Base; path = Base.lproj/LaunchScreen.storyboard; sourceTree = "<group>"; };
		D6264A0A247E2DAD009BE1BB /* Info.plist */ = {isa = PBXFileReference; lastKnownFileType = text.plist.xml; path = Info.plist; sourceTree = "<group>"; };
/* End PBXFileReference section */

/* Begin PBXFrameworksBuildPhase section */
		D62649F6247E2DAC009BE1BB /* Frameworks */ = {
			isa = PBXFrameworksBuildPhase;
			buildActionMask = 2147483647;
			files = (
			);
			runOnlyForDeploymentPostprocessing = 0;
		};
/* End PBXFrameworksBuildPhase section */

/* Begin PBXGroup section */
		D62649F0247E2DAC009BE1BB = {
			isa = PBXGroup;
			children = (
				D62649FB247E2DAC009BE1BB /* Swift5WKWebView */,
				D62649FA247E2DAC009BE1BB /* Products */,
			);
			sourceTree = "<group>";
		};
		D62649FA247E2DAC009BE1BB /* Products */ = {
			isa = PBXGroup;
			children = (
				D62649F9247E2DAC009BE1BB /* Swift5WKWebView.app */,
			);
			name = Products;
			sourceTree = "<group>";
		};
		D62649FB247E2DAC009BE1BB /* Swift5WKWebView */ = {
			isa = PBXGroup;
			children = (
				D62649FC247E2DAC009BE1BB /* AppDelegate.swift */,
				D62649FE247E2DAC009BE1BB /* SceneDelegate.swift */,
				D6264A00247E2DAC009BE1BB /* ViewController.swift */,
				D6264A02247E2DAC009BE1BB /* Main.storyboard */,
				D6264A05247E2DAD009BE1BB /* Assets.xcassets */,
				D6264A07247E2DAD009BE1BB /* LaunchScreen.storyboard */,
				D6264A0A247E2DAD009BE1BB /* Info.plist */,
			);
			path = Swift5WKWebView;
			sourceTree = "<group>";
		};
/* End PBXGroup section */

/* Begin PBXNativeTarget section */
		D62649F8247E2DAC009BE1BB /* Swift5WKWebView */ = {
			isa = PBXNativeTarget;
			buildConfigurationList = D6264A0D247E2DAD009BE1BB /* Build configuration list for PBXNativeTarget "Swift5WKWebView" */;
			buildPhases = (
				D62649F5247E2DAC009BE1BB /* Sources */,
				D62649F6247E2DAC009BE1BB /* Frameworks */,
				D62649F7247E2DAC009BE1BB /* Resources */,
			);
			buildRules = (
			);
			dependencies = (
			);
			name = Swift5WKWebView;
			productName = Swift5WKWebView;
			productReference = D62649F9247E2DAC009BE1BB /* Swift5WKWebView.app */;
			productType = "com.apple.product-type.application";
		};
/* End PBXNativeTarget section */

/* Begin PBXProject section */
		D62649F1247E2DAC009BE1BB /* Project object */ = {
			isa = PBXProject;
			attributes = {
				LastSwiftUpdateCheck = 1140;
				LastUpgradeCheck = 1140;
				ORGANIZATIONNAME = yuta;
				TargetAttributes = {
					D62649F8247E2DAC009BE1BB = {
						CreatedOnToolsVersion = 11.4;
					};
				};
			};
			buildConfigurationList = D62649F4247E2DAC009BE1BB /* Build configuration list for PBXProject "Swift5WKWebView" */;
			compatibilityVersion = "Xcode 9.3";
			developmentRegion = en;
			hasScannedForEncodings = 0;
			knownRegions = (
				en,
				Base,
			);
			mainGroup = D62649F0247E2DAC009BE1BB;
			productRefGroup = D62649FA247E2DAC009BE1BB /* Products */;
			projectDirPath = "";
			projectRoot = "";
			targets = (
				D62649F8247E2DAC009BE1BB /* Swift5WKWebView */,
			);
		};
/* End PBXProject section */

/* Begin PBXResourcesBuildPhase section */
		D62649F7247E2DAC009BE1BB /* Resources */ = {
			isa = PBXResourcesBuildPhase;
			buildActionMask = 2147483647;
			files = (
				D6264A09247E2DAD009BE1BB /* LaunchScreen.storyboard in Resources */,
				D6264A06247E2DAD009BE1BB /* Assets.xcassets in Resources */,
				D6264A04247E2DAC009BE1BB /* Main.storyboard in Resources */,
			);
			runOnlyForDeploymentPostprocessing = 0;
		};
/* End PBXResourcesBuildPhase section */

/* Begin PBXSourcesBuildPhase section */
		D62649F5247E2DAC009BE1BB /* Sources */ = {
			isa = PBXSourcesBuildPhase;
			buildActionMask = 2147483647;
			files = (
				D6264A01247E2DAC009BE1BB /* ViewController.swift in Sources */,
				D62649FD247E2DAC009BE1BB /* AppDelegate.swift in Sources */,
				D62649FF247E2DAC009BE1BB /* SceneDelegate.swift in Sources */,
			);
			runOnlyForDeploymentPostprocessing = 0;
		};
/* End PBXSourcesBuildPhase section */

/* Begin PBXVariantGroup section */
		D6264A02247E2DAC009BE1BB /* Main.storyboard */ = {
			isa = PBXVariantGroup;
			children = (
				D6264A03247E2DAC009BE1BB /* Base */,
			);
			name = Main.storyboard;
			sourceTree = "<group>";
		};
		D6264A07247E2DAD009BE1BB /* LaunchScreen.storyboard */ = {
			isa = PBXVariantGroup;
			children = (
				D6264A08247E2DAD009BE1BB /* Base */,
			);
			name = LaunchScreen.storyboard;
			sourceTree = "<group>";
		};
/* End PBXVariantGroup section */

/* Begin XCBuildConfiguration section */
		D6264A0B247E2DAD009BE1BB /* Debug */ = {
			isa = XCBuildConfiguration;
			buildSettings = {
				ALWAYS_SEARCH_USER_PATHS = NO;
				CLANG_ANALYZER_NONNULL = YES;
				CLANG_ANALYZER_NUMBER_OBJECT_CONVERSION = YES_AGGRESSIVE;
				CLANG_CXX_LANGUAGE_STANDARD = "gnu++14";
				CLANG_CXX_LIBRARY = "libc++";
				CLANG_ENABLE_MODULES = YES;
				CLANG_ENABLE_OBJC_ARC = YES;
				CLANG_ENABLE_OBJC_WEAK = YES;
				CLANG_WARN_BLOCK_CAPTURE_AUTORELEASING = YES;
				CLANG_WARN_BOOL_CONVERSION = YES;
				CLANG_WARN_COMMA = YES;
				CLANG_WARN_CONSTANT_CONVERSION = YES;
				CLANG_WARN_DEPRECATED_OBJC_IMPLEMENTATIONS = YES;
				CLANG_WARN_DIRECT_OBJC_ISA_USAGE = YES_ERROR;
				CLANG_WARN_DOCUMENTATION_COMMENTS = YES;
				CLANG_WARN_EMPTY_BODY = YES;
				CLANG_WARN_ENUM_CONVERSION = YES;
				CLANG_WARN_INFINITE_RECURSION = YES;
				CLANG_WARN_INT_CONVERSION = YES;
				CLANG_WARN_NON_LITERAL_NULL_CONVERSION = YES;
				CLANG_WARN_OBJC_IMPLICIT_RETAIN_SELF = YES;
				CLANG_WARN_OBJC_LITERAL_CONVERSION = YES;
				CLANG_WARN_OBJC_ROOT_CLASS = YES_ERROR;
				CLANG_WARN_RANGE_LOOP_ANALYSIS = YES;
				CLANG_WARN_STRICT_PROTOTYPES = YES;
				CLANG_WARN_SUSPICIOUS_MOVE = YES;
				CLANG_WARN_UNGUARDED_AVAILABILITY = YES_AGGRESSIVE;
				CLANG_WARN_UNREACHABLE_CODE = YES;
				CLANG_WARN__DUPLICATE_METHOD_MATCH = YES;
				COPY_PHASE_STRIP = NO;
				DEBUG_INFORMATION_FORMAT = dwarf;
				ENABLE_STRICT_OBJC_MSGSEND = YES;
				ENABLE_TESTABILITY = YES;
				GCC_C_LANGUAGE_STANDARD = gnu11;
				GCC_DYNAMIC_NO_PIC = NO;
				GCC_NO_COMMON_BLOCKS = YES;
				GCC_OPTIMIZATION_LEVEL = 0;
				GCC_PREPROCESSOR_DEFINITIONS = (
					"DEBUG=1",
					"$(inherited)",
				);
				GCC_WARN_64_TO_32_BIT_CONVERSION = YES;
				GCC_WARN_ABOUT_RETURN_TYPE = YES_ERROR;
				GCC_WARN_UNDECLARED_SELECTOR = YES;
				GCC_WARN_UNINITIALIZED_AUTOS = YES_AGGRESSIVE;
				GCC_WARN_UNUSED_FUNCTION = YES;
				GCC_WARN_UNUSED_VARIABLE = YES;
				IPHONEOS_DEPLOYMENT_TARGET = 13.4;
				MTL_ENABLE_DEBUG_INFO = INCLUDE_SOURCE;
				MTL_FAST_MATH = YES;
				ONLY_ACTIVE_ARCH = YES;
				SDKROOT = iphoneos;
				SWIFT_ACTIVE_COMPILATION_CONDITIONS = DEBUG;
				SWIFT_OPTIMIZATION_LEVEL = "-Onone";
			};
			name = Debug;
		};
		D6264A0C247E2DAD009BE1BB /* Release */ = {
			isa = XCBuildConfiguration;
			buildSettings = {
				ALWAYS_SEARCH_USER_PATHS = NO;
				CLANG_ANALYZER_NONNULL = YES;
				CLANG_ANALYZER_NUMBER_OBJECT_CONVERSION = YES_AGGRESSIVE;
				CLANG_CXX_LANGUAGE_STANDARD = "gnu++14";
				CLANG_CXX_LIBRARY = "libc++";
				CLANG_ENABLE_MODULES = YES;
				CLANG_ENABLE_OBJC_ARC = YES;
				CLANG_ENABLE_OBJC_WEAK = YES;
				CLANG_WARN_BLOCK_CAPTURE_AUTORELEASING = YES;
				CLANG_WARN_BOOL_CONVERSION = YES;
				CLANG_WARN_COMMA = YES;
				CLANG_WARN_CONSTANT_CONVERSION = YES;
				CLANG_WARN_DEPRECATED_OBJC_IMPLEMENTATIONS = YES;
				CLANG_WARN_DIRECT_OBJC_ISA_USAGE = YES_ERROR;
				CLANG_WARN_DOCUMENTATION_COMMENTS = YES;
				CLANG_WARN_EMPTY_BODY = YES;
				CLANG_WARN_ENUM_CONVERSION = YES;
				CLANG_WARN_INFINITE_RECURSION = YES;
				CLANG_WARN_INT_CONVERSION = YES;
				CLANG_WARN_NON_LITERAL_NULL_CONVERSION = YES;
				CLANG_WARN_OBJC_IMPLICIT_RETAIN_SELF = YES;
				CLANG_WARN_OBJC_LITERAL_CONVERSION = YES;
				CLANG_WARN_OBJC_ROOT_CLASS = YES_ERROR;
				CLANG_WARN_RANGE_LOOP_ANALYSIS = YES;
				CLANG_WARN_STRICT_PROTOTYPES = YES;
				CLANG_WARN_SUSPICIOUS_MOVE = YES;
				CLANG_WARN_UNGUARDED_AVAILABILITY = YES_AGGRESSIVE;
				CLANG_WARN_UNREACHABLE_CODE = YES;
				CLANG_WARN__DUPLICATE_METHOD_MATCH = YES;
				COPY_PHASE_STRIP = NO;
				DEBUG_INFORMATION_FORMAT = "dwarf-with-dsym";
				ENABLE_NS_ASSERTIONS = NO;
				ENABLE_STRICT_OBJC_MSGSEND = YES;
				GCC_C_LANGUAGE_STANDARD = gnu11;
				GCC_NO_COMMON_BLOCKS = YES;
				GCC_WARN_64_TO_32_BIT_CONVERSION = YES;
				GCC_WARN_ABOUT_RETURN_TYPE = YES_ERROR;
				GCC_WARN_UNDECLARED_SELECTOR = YES;
				GCC_WARN_UNINITIALIZED_AUTOS = YES_AGGRESSIVE;
				GCC_WARN_UNUSED_FUNCTION = YES;
				GCC_WARN_UNUSED_VARIABLE = YES;
				IPHONEOS_DEPLOYMENT_TARGET = 13.4;
				MTL_ENABLE_DEBUG_INFO = NO;
				MTL_FAST_MATH = YES;
				SDKROOT = iphoneos;
				SWIFT_COMPILATION_MODE = wholemodule;
				SWIFT_OPTIMIZATION_LEVEL = "-O";
				VALIDATE_PRODUCT = YES;
			};
			name = Release;
		};
		D6264A0E247E2DAD009BE1BB /* Debug */ = {
			isa = XCBuildConfiguration;
			buildSettings = {
				ASSETCATALOG_COMPILER_APPICON_NAME = AppIcon;
				CODE_SIGN_STYLE = Automatic;
				DEVELOPMENT_TEAM = WZ38N7QRQ7;
				INFOPLIST_FILE = Swift5WKWebView/Info.plist;
				LD_RUNPATH_SEARCH_PATHS = (
					"$(inherited)",
					"@executable_path/Frameworks",
				);
				PRODUCT_BUNDLE_IDENTIFIER = com.gmail.yuta5196.Swift5WKWebView;
				PRODUCT_NAME = "$(TARGET_NAME)";
				SWIFT_VERSION = 5.0;
				TARGETED_DEVICE_FAMILY = "1,2";
			};
			name = Debug;
		};
		D6264A0F247E2DAD009BE1BB /* Release */ = {
			isa = XCBuildConfiguration;
			buildSettings = {
				ASSETCATALOG_COMPILER_APPICON_NAME = AppIcon;
				CODE_SIGN_STYLE = Automatic;
				DEVELOPMENT_TEAM = WZ38N7QRQ7;
				INFOPLIST_FILE = Swift5WKWebView/Info.plist;
				LD_RUNPATH_SEARCH_PATHS = (
					"$(inherited)",
					"@executable_path/Frameworks",
				);
				PRODUCT_BUNDLE_IDENTIFIER = com.gmail.yuta5196.Swift5WKWebView;
				PRODUCT_NAME = "$(TARGET_NAME)";
				SWIFT_VERSION = 5.0;
				TARGETED_DEVICE_FAMILY = "1,2";
			};
			name = Release;
		};
/* End XCBuildConfiguration section */

/* Begin XCConfigurationList section */
		D62649F4247E2DAC009BE1BB /* Build configuration list for PBXProject "Swift5WKWebView" */ = {
			isa = XCConfigurationList;
			buildConfigurations = (
				D6264A0B247E2DAD009BE1BB /* Debug */,
				D6264A0C247E2DAD009BE1BB /* Release */,
			);
			defaultConfigurationIsVisible = 0;
			defaultConfigurationName = Release;
		};
		D6264A0D247E2DAD009BE1BB /* Build configuration list for PBXNativeTarget "Swift5WKWebView" */ = {
			isa = XCConfigurationList;
			buildConfigurations = (
				D6264A0E247E2DAD009BE1BB /* Debug */,
				D6264A0F247E2DAD009BE1BB /* Release */,
			);
			defaultConfigurationIsVisible = 0;
			defaultConfigurationName = Release;
		};
/* End XCConfigurationList section */
	};
	rootObject = D62649F1247E2DAC009BE1BB /* Project object */;
}
